
Microsoft Visual Studio Solution File, Format Version 12.00
# Visual Studio Version 16
VisualStudioVersion = 16.0.31424.327
MinimumVisualStudioVersion = 10.0.40219.1
Project("{FAE04EC0-301F-11D3-BF4B-00C04F79EFBC}") = "API", "API\API.csproj", "{11EAA4AA-958A-4E00-887A-7D0D15A51289}"
EndProject
Global
	GlobalSection(SolutionConfigurationPlatforms) = preSolution
		Debug|Any CPU = Debug|Any CPU
		Release|Any CPU = Release|Any CPU
	EndGlobalSection
	GlobalSection(ProjectConfigurationPlatforms) = postSolution
		{11EAA4AA-958A-4E00-887A-7D0D15A51289}.Debug|Any CPU.ActiveCfg = Debug|Any CPU
		{11EAA4AA-958A-4E00-887A-7D0D15A51289}.Debug|Any CPU.Build.0 = Debug|Any CPU
		{11EAA4AA-958A-4E00-887A-7D0D15A51289}.Release|Any CPU.ActiveCfg = Release|Any CPU
		{11EAA4AA-958A-4E00-887A-7D0D15A51289}.Release|Any CPU.Build.0 = Release|Any CPU
	EndGlobalSection
	GlobalSection(SolutionProperties) = preSolution
		HideSolutionNode = FALSE
	EndGlobalSection
	GlobalSection(ExtensibilityGlobals) = postSolution
		SolutionGuid = {F0B5D710-84BB-4A81-BB2A-F68CC5FF20AD}
	EndGlobalSection
EndGlobal
